Microsoft Visual Studio Solution File, Format Version 11.00
# Visual Studio 2008

Project("{E8B14C5E-4D17-27B0-F7D2-DC76816DA08A}") = "PlatformBlob", "Assembly-CSharp.csproj", "{ED84E1FB-173D-D35D-F696-0A476ADAE7D2}"
EndProject
Global
	GlobalSection(SolutionConfigurationPlatforms) = preSolution
		Debug|Any CPU = Debug|Any CPU
		Release|Any CPU = Release|Any CPU
	EndGlobalSection
	GlobalSection(ProjectConfigurationPlatforms) = postSolution
		{ED84E1FB-173D-D35D-F696-0A476ADAE7D2}.Debug|Any CPU.ActiveCfg = Debug|Any CPU
		{ED84E1FB-173D-D35D-F696-0A476ADAE7D2}.Debug|Any CPU.Build.0 = Debug|Any CPU
		{ED84E1FB-173D-D35D-F696-0A476ADAE7D2}.Release|Any CPU.ActiveCfg = Release|Any CPU
		{ED84E1FB-173D-D35D-F696-0A476ADAE7D2}.Release|Any CPU.Build.0 = Release|Any CPU
	EndGlobalSection
	GlobalSection(SolutionProperties) = preSolution
		HideSolutionNode = FALSE
	EndGlobalSection
	GlobalSection(MonoDevelopProperties) = preSolution
		StartupItem = Assembly-CSharp.csproj
	EndGlobalSection
EndGlobal
